
Microsoft Visual Studio Solution File, Format Version 12.00
# Visual Studio Version 17
VisualStudioVersion = 17.9.34728.123
MinimumVisualStudioVersion = 10.0.40219.1
Project("{FAE04EC0-301F-11D3-BF4B-00C04F79EFBC}") = "Halcube Store Manager v0.4", "Halcube Store Manager v0.4\Halcube Store Manager v0.4.csproj", "{114BE078-549E-4C04-96E7-5DF030E3B4A2}"
	ProjectSection(ProjectDependencies) = postProject
		{F0AE20BB-DC96-4688-8281-0B6FE417AC3D} = {F0AE20BB-DC96-4688-8281-0B6FE417AC3D}
	EndProjectSection
EndProject
Project("{FAE04EC0-301F-11D3-BF4B-00C04F79EFBC}") = "BLL", "BLL\BLL.csproj", "{F0AE20BB-DC96-4688-8281-0B6FE417AC3D}"
EndProject
Global
	GlobalSection(SolutionConfigurationPlatforms) = preSolution
		Debug|Any CPU = Debug|Any CPU
		Release|Any CPU = Release|Any CPU
	EndGlobalSection
	GlobalSection(ProjectConfigurationPlatforms) = postSolution
		{114BE078-549E-4C04-96E7-5DF030E3B4A2}.Debug|Any CPU.ActiveCfg = Debug|Any CPU
		{114BE078-549E-4C04-96E7-5DF030E3B4A2}.Debug|Any CPU.Build.0 = Debug|Any CPU
		{114BE078-549E-4C04-96E7-5DF030E3B4A2}.Release|Any CPU.ActiveCfg = Release|Any CPU
		{114BE078-549E-4C04-96E7-5DF030E3B4A2}.Release|Any CPU.Build.0 = Release|Any CPU
		{F0AE20BB-DC96-4688-8281-0B6FE417AC3D}.Debug|Any CPU.ActiveCfg = Debug|Any CPU
		{F0AE20BB-DC96-4688-8281-0B6FE417AC3D}.Debug|Any CPU.Build.0 = Debug|Any CPU
		{F0AE20BB-DC96-4688-8281-0B6FE417AC3D}.Release|Any CPU.ActiveCfg = Release|Any CPU
		{F0AE20BB-DC96-4688-8281-0B6FE417AC3D}.Release|Any CPU.Build.0 = Release|Any CPU
	EndGlobalSection
	GlobalSection(SolutionProperties) = preSolution
		HideSolutionNode = FALSE
	EndGlobalSection
	GlobalSection(ExtensibilityGlobals) = postSolution
		SolutionGuid = {402F7C4A-C797-4A85-9D89-6F1DF5B47607}
	EndGlobalSection
EndGlobal
